// !$*UTF8*$!
{
	archiveVersion = 1;
	classes = {
	};
	objectVersion = 46;
	objects = {

/* Begin PBXBuildFile section */
		06A932AB18E9EE390043CA56 /* Foundation.framework in Frameworks */ = {isa = PBXBuildFile; fileRef = 06A932AA18E9EE390043CA56 /* Foundation.framework */; };
		06A932AD18E9EE390043CA56 /* CoreGraphics.framework in Frameworks */ = {isa = PBXBuildFile; fileRef = 06A932AC18E9EE390043CA56 /* CoreGraphics.framework */; };
		06A932AF18E9EE390043CA56 /* UIKit.framework in Frameworks */ = {isa = PBXBuildFile; fileRef = 06A932AE18E9EE390043CA56 /* UIKit.framework */; };
		06A932CA18E9EE390043CA56 /* XCTest.framework in Frameworks */ = {isa = PBXBuildFile; fileRef = 06A932C918E9EE390043CA56 /* XCTest.framework */; };
		06A932CB18E9EE390043CA56 /* Foundation.framework in Frameworks */ = {isa = PBXBuildFile; fileRef = 06A932AA18E9EE390043CA56 /* Foundation.framework */; };
		06A932CC18E9EE390043CA56 /* UIKit.framework in Frameworks */ = {isa = PBXBuildFile; fileRef = 06A932AE18E9EE390043CA56 /* UIKit.framework */; };
		06A932D418E9EE390043CA56 /* InfoPlist.strings in Resources */ = {isa = PBXBuildFile; fileRef = 06A932D218E9EE390043CA56 /* InfoPlist.strings */; };
		06A932D618E9EE390043CA56 /* FiltersTests.m in Sources */ = {isa = PBXBuildFile; fileRef = 06A932D518E9EE390043CA56 /* FiltersTests.m */; };
		06A9332D18EB21E40043CA56 /* AppDelegate.m in Sources */ = {isa = PBXBuildFile; fileRef = 06A9331718EB21E40043CA56 /* AppDelegate.m */; };
		06A9332F18EB21E40043CA56 /* border.png in Resources */ = {isa = PBXBuildFile; fileRef = 06A9331A18EB21E40043CA56 /* border.png */; };
		06A9333018EB21E40043CA56 /* border@2x.png in Resources */ = {isa = PBXBuildFile; fileRef = 06A9331B18EB21E40043CA56 /* border@2x.png */; };
		06A9333118EB21E40043CA56 /* InfoPlist.strings in Resources */ = {isa = PBXBuildFile; fileRef = 06A9331C18EB21E40043CA56 /* InfoPlist.strings */; };
		06A9333218EB21E40043CA56 /* FilterClassToName.m in Sources */ = {isa = PBXBuildFile; fileRef = 06A9331F18EB21E40043CA56 /* FilterClassToName.m */; };
		06A9333418EB21E40043CA56 /* Images.xcassets in Resources */ = {isa = PBXBuildFile; fileRef = 06A9332218EB21E40043CA56 /* Images.xcassets */; };
		06A9333518EB21E40043CA56 /* main.m in Sources */ = {isa = PBXBuildFile; fileRef = 06A9332318EB21E40043CA56 /* main.m */; };
		06A9333618EB21E40043CA56 /* SelectPhotoViewController.m in Sources */ = {isa = PBXBuildFile; fileRef = 06A9332518EB21E40043CA56 /* SelectPhotoViewController.m */; };
		06A9333718EB21E40043CA56 /* SwipeView.m in Sources */ = {isa = PBXBuildFile; fileRef = 06A9332818EB21E40043CA56 /* SwipeView.m */; };
		06A9333818EB21E40043CA56 /* UIImage+FiltersImage.m in Sources */ = {isa = PBXBuildFile; fileRef = 06A9332A18EB21E40043CA56 /* UIImage+FiltersImage.m */; };
		06A9333918EB21E40043CA56 /* ViewController.m in Sources */ = {isa = PBXBuildFile; fileRef = 06A9332C18EB21E40043CA56 /* ViewController.m */; };
/* End PBXBuildFile section */

/* Begin PBXContainerItemProxy section */
		06A932CD18E9EE390043CA56 /* PBXContainerItemProxy */ = {
			isa = PBXContainerItemProxy;
			containerPortal = 06A9329F18E9EE390043CA56 /* Project object */;
			proxyType = 1;
			remoteGlobalIDString = 06A932A618E9EE390043CA56;
			remoteInfo = Filters;
		};
/* End PBXContainerItemProxy section */

/* Begin PBXFileReference section */
		06A932A718E9EE390043CA56 /* FilterVilla.app */ = {isa = PBXFileReference; explicitFileType = wrapper.application; includeInIndex = 0; path = FilterVilla.app; sourceTree = BUILT_PRODUCTS_DIR; };
		06A932AA18E9EE390043CA56 /* Foundation.framework */ = {isa = PBXFileReference; lastKnownFileType = wrapper.framework; name = Foundation.framework; path = System/Library/Frameworks/Foundation.framework; sourceTree = SDKROOT; };
		06A932AC18E9EE390043CA56 /* CoreGraphics.framework */ = {isa = PBXFileReference; lastKnownFileType = wrapper.framework; name = CoreGraphics.framework; path = System/Library/Frameworks/CoreGraphics.framework; sourceTree = SDKROOT; };
		06A932AE18E9EE390043CA56 /* UIKit.framework */ = {isa = PBXFileReference; lastKnownFileType = wrapper.framework; name = UIKit.framework; path = System/Library/Frameworks/UIKit.framework; sourceTree = SDKROOT; };
		06A932C818E9EE390043CA56 /* FilterVillaTests.xctest */ = {isa = PBXFileReference; explicitFileType = wrapper.cfbundle; includeInIndex = 0; path = FilterVillaTests.xctest; sourceTree = BUILT_PRODUCTS_DIR; };
		06A932C918E9EE390043CA56 /* XCTest.framework */ = {isa = PBXFileReference; lastKnownFileType = wrapper.framework; name = XCTest.framework; path = Library/Frameworks/XCTest.framework; sourceTree = DEVELOPER_DIR; };
		06A932D118E9EE390043CA56 /* FilterVillaTests-Info.plist */ = {isa = PBXFileReference; lastKnownFileType = text.plist.xml; path = "FilterVillaTests-Info.plist"; sourceTree = "<group>"; };
		06A932D318E9EE390043CA56 /* en */ = {isa = PBXFileReference; lastKnownFileType = text.plist.strings; name = en; path = en.lproj/InfoPlist.strings; sourceTree = "<group>"; };
		06A932D518E9EE390043CA56 /* FiltersTests.m */ = {isa = PBXFileReference; lastKnownFileType = sourcecode.c.objc; path = FiltersTests.m; sourceTree = "<group>"; };
		06A9331618EB21E40043CA56 /* AppDelegate.h */ = {isa = PBXFileReference; fileEncoding = 4; lastKnownFileType = sourcecode.c.h; path = AppDelegate.h; sourceTree = "<group>"; };
		06A9331718EB21E40043CA56 /* AppDelegate.m */ = {isa = PBXFileReference; fileEncoding = 4; lastKnownFileType = sourcecode.c.objc; path = AppDelegate.m; sourceTree = "<group>"; };
		06A9331918EB21E40043CA56 /* Base */ = {isa = PBXFileReference; lastKnownFileType = file.storyboard; name = Base; path = Base.lproj/Main.storyboard; sourceTree = "<group>"; };
		06A9331A18EB21E40043CA56 /* border.png */ = {isa = PBXFileReference; lastKnownFileType = image.png; path = border.png; sourceTree = "<group>"; };
		06A9331B18EB21E40043CA56 /* border@2x.png */ = {isa = PBXFileReference; lastKnownFileType = image.png; path = "border@2x.png"; sourceTree = "<group>"; };
		06A9331D18EB21E40043CA56 /* en */ = {isa = PBXFileReference; lastKnownFileType = text.plist.strings; name = en; path = en.lproj/InfoPlist.strings; sourceTree = "<group>"; };
		06A9331E18EB21E40043CA56 /* FilterClassToName.h */ = {isa = PBXFileReference; fileEncoding = 4; lastKnownFileType = sourcecode.c.h; path = FilterClassToName.h; sourceTree = "<group>"; };
		06A9331F18EB21E40043CA56 /* FilterClassToName.m */ = {isa = PBXFileReference; fileEncoding = 4; lastKnownFileType = sourcecode.c.objc; path = FilterClassToName.m; sourceTree = "<group>"; };
		06A9332018EB21E40043CA56 /* FilterVilla-Info.plist */ = {isa = PBXFileReference; fileEncoding = 4; lastKnownFileType = text.plist.xml; path = "FilterVilla-Info.plist"; sourceTree = "<group>"; };
		06A9332118EB21E40043CA56 /* FilterVilla-Prefix.pch */ = {isa = PBXFileReference; fileEncoding = 4; lastKnownFileType = sourcecode.c.h; path = "FilterVilla-Prefix.pch"; sourceTree = "<group>"; };
		06A9332218EB21E40043CA56 /* Images.xcassets */ = {isa = PBXFileReference; lastKnownFileType = folder.assetcatalog; path = Images.xcassets; sourceTree = "<group>"; };
		06A9332318EB21E40043CA56 /* main.m */ = {isa = PBXFileReference; fileEncoding = 4; lastKnownFileType = sourcecode.c.objc; path = main.m; sourceTree = "<group>"; };
		06A9332418EB21E40043CA56 /* SelectPhotoViewController.h */ = {isa = PBXFileReference; fileEncoding = 4; lastKnownFileType = sourcecode.c.h; path = SelectPhotoViewController.h; sourceTree = "<group>"; };
		06A9332518EB21E40043CA56 /* SelectPhotoViewController.m */ = {isa = PBXFileReference; fileEncoding = 4; lastKnownFileType = sourcecode.c.objc; path = SelectPhotoViewController.m; sourceTree = "<group>"; };
		06A9332718EB21E40043CA56 /* SwipeView.h */ = {isa = PBXFileReference; fileEncoding = 4; lastKnownFileType = sourcecode.c.h; path = SwipeView.h; sourceTree = "<group>"; };
		06A9332818EB21E40043CA56 /* SwipeView.m */ = {isa = PBXFileReference; fileEncoding = 4; lastKnownFileType = sourcecode.c.objc; path = SwipeView.m; sourceTree = "<group>"; };
		06A9332918EB21E40043CA56 /* UIImage+FiltersImage.h */ = {isa = PBXFileReference; fileEncoding = 4; lastKnownFileType = sourcecode.c.h; path = "UIImage+FiltersImage.h"; sourceTree = "<group>"; };
		06A9332A18EB21E40043CA56 /* UIImage+FiltersImage.m */ = {isa = PBXFileReference; fileEncoding = 4; lastKnownFileType = sourcecode.c.objc; path = "UIImage+FiltersImage.m"; sourceTree = "<group>"; };
		06A9332B18EB21E40043CA56 /* ViewController.h */ = {isa = PBXFileReference; fileEncoding = 4; lastKnownFileType = sourcecode.c.h; path = ViewController.h; sourceTree = "<group>"; };
		06A9332C18EB21E40043CA56 /* ViewController.m */ = {isa = PBXFileReference; fileEncoding = 4; lastKnownFileType = sourcecode.c.objc; path = ViewController.m; sourceTree = "<group>"; };
/* End PBXFileReference section */

/* Begin PBXFrameworksBuildPhase section */
		06A932A418E9EE390043CA56 /* Frameworks */ = {
			isa = PBXFrameworksBuildPhase;
			buildActionMask = 2147483647;
			files = (
				06A932AD18E9EE390043CA56 /* CoreGraphics.framework in Frameworks */,
				06A932AF18E9EE390043CA56 /* UIKit.framework in Frameworks */,
				06A932AB18E9EE390043CA56 /* Foundation.framework in Frameworks */,
			);
			runOnlyForDeploymentPostprocessing = 0;
		};
		06A932C518E9EE390043CA56 /* Frameworks */ = {
			isa = PBXFrameworksBuildPhase;
			buildActionMask = 2147483647;
			files = (
				06A932CA18E9EE390043CA56 /* XCTest.framework in Frameworks */,
				06A932CC18E9EE390043CA56 /* UIKit.framework in Frameworks */,
				06A932CB18E9EE390043CA56 /* Foundation.framework in Frameworks */,
			);
			runOnlyForDeploymentPostprocessing = 0;
		};
/* End PBXFrameworksBuildPhase section */

/* Begin PBXGroup section */
		06A9329E18E9EE390043CA56 = {
			isa = PBXGroup;
			children = (
				06A9331518EB21E40043CA56 /* FilterVilla */,
				06A932CF18E9EE390043CA56 /* FiltersTests */,
				06A932A918E9EE390043CA56 /* Frameworks */,
				06A932A818E9EE390043CA56 /* Products */,
			);
			sourceTree = "<group>";
		};
		06A932A818E9EE390043CA56 /* Products */ = {
			isa = PBXGroup;
			children = (
				06A932A718E9EE390043CA56 /* FilterVilla.app */,
				06A932C818E9EE390043CA56 /* FilterVillaTests.xctest */,
			);
			name = Products;
			sourceTree = "<group>";
		};
		06A932A918E9EE390043CA56 /* Frameworks */ = {
			isa = PBXGroup;
			children = (
				06A932AA18E9EE390043CA56 /* Foundation.framework */,
				06A932AC18E9EE390043CA56 /* CoreGraphics.framework */,
				06A932AE18E9EE390043CA56 /* UIKit.framework */,
				06A932C918E9EE390043CA56 /* XCTest.framework */,
			);
			name = Frameworks;
			sourceTree = "<group>";
		};
		06A932CF18E9EE390043CA56 /* FiltersTests */ = {
			isa = PBXGroup;
			children = (
				06A932D518E9EE390043CA56 /* FiltersTests.m */,
				06A932D018E9EE390043CA56 /* Supporting Files */,
			);
			path = FiltersTests;
			sourceTree = "<group>";
		};
		06A932D018E9EE390043CA56 /* Supporting Files */ = {
			isa = PBXGroup;
			children = (
				06A932D118E9EE390043CA56 /* FilterVillaTests-Info.plist */,
				06A932D218E9EE390043CA56 /* InfoPlist.strings */,
			);
			name = "Supporting Files";
			sourceTree = "<group>";
		};
		06A9331518EB21E40043CA56 /* FilterVilla */ = {
			isa = PBXGroup;
			children = (
				06A9332618EB21E40043CA56 /* SwipeView */,
				06A9331618EB21E40043CA56 /* AppDelegate.h */,
				06A9331718EB21E40043CA56 /* AppDelegate.m */,
				06A9331818EB21E40043CA56 /* Main.storyboard */,
				06A9331E18EB21E40043CA56 /* FilterClassToName.h */,
				06A9331F18EB21E40043CA56 /* FilterClassToName.m */,
				06A9332418EB21E40043CA56 /* SelectPhotoViewController.h */,
				06A9332518EB21E40043CA56 /* SelectPhotoViewController.m */,
				06A9332918EB21E40043CA56 /* UIImage+FiltersImage.h */,
				06A9332A18EB21E40043CA56 /* UIImage+FiltersImage.m */,
				06A9332B18EB21E40043CA56 /* ViewController.h */,
				06A9332C18EB21E40043CA56 /* ViewController.m */,
				06A9332218EB21E40043CA56 /* Images.xcassets */,
				06A9333A18EB23380043CA56 /* Supporting Files */,
			);
			path = FilterVilla;
			sourceTree = "<group>";
		};
		06A9332618EB21E40043CA56 /* SwipeView */ = {
			isa = PBXGroup;
			children = (
				06A9332718EB21E40043CA56 /* SwipeView.h */,
				06A9332818EB21E40043CA56 /* SwipeView.m */,
			);
			path = SwipeView;
			sourceTree = "<group>";
		};
		06A9333A18EB23380043CA56 /* Supporting Files */ = {
			isa = PBXGroup;
			children = (
				06A9332118EB21E40043CA56 /* FilterVilla-Prefix.pch */,
				06A9332018EB21E40043CA56 /* FilterVilla-Info.plist */,
				06A9332318EB21E40043CA56 /* main.m */,
				06A9331C18EB21E40043CA56 /* InfoPlist.strings */,
				06A9331B18EB21E40043CA56 /* border@2x.png */,
				06A9331A18EB21E40043CA56 /* border.png */,
			);
			name = "Supporting Files";
			sourceTree = "<group>";
		};
/* End PBXGroup section */

/* Begin PBXNativeTarget section */
		06A932A618E9EE390043CA56 /* FilterVilla */ = {
			isa = PBXNativeTarget;
			buildConfigurationList = 06A932D918E9EE390043CA56 /* Build configuration list for PBXNativeTarget "FilterVilla" */;
			buildPhases = (
				06A932A318E9EE390043CA56 /* Sources */,
				06A932A418E9EE390043CA56 /* Frameworks */,
				06A932A518E9EE390043CA56 /* Resources */,
			);
			buildRules = (
			);
			dependencies = (
			);
			name = FilterVilla;
			productName = Filters;
			productReference = 06A932A718E9EE390043CA56 /* FilterVilla.app */;
			productType = "com.apple.product-type.application";
		};
		06A932C718E9EE390043CA56 /* FilterVillaTests */ = {
			isa = PBXNativeTarget;
			buildConfigurationList = 06A932DC18E9EE390043CA56 /* Build configuration list for PBXNativeTarget "FilterVillaTests" */;
			buildPhases = (
				06A932C418E9EE390043CA56 /* Sources */,
				06A932C518E9EE390043CA56 /* Frameworks */,
				06A932C618E9EE390043CA56 /* Resources */,
			);
			buildRules = (
			);
			dependencies = (
				06A932CE18E9EE390043CA56 /* PBXTargetDependency */,
			);
			name = FilterVillaTests;
			productName = FiltersTests;
			productReference = 06A932C818E9EE390043CA56 /* FilterVillaTests.xctest */;
			productType = "com.apple.product-type.bundle.unit-test";
		};
/* End PBXNativeTarget section */

/* Begin PBXProject section */
		06A9329F18E9EE390043CA56 /* Project object */ = {
			isa = PBXProject;
			attributes = {
				LastUpgradeCheck = 0510;
				ORGANIZATIONNAME = Appikon;
				TargetAttributes = {
					06A932C718E9EE390043CA56 = {
						TestTargetID = 06A932A618E9EE390043CA56;
					};
				};
			};
			buildConfigurationList = 06A932A218E9EE390043CA56 /* Build configuration list for PBXProject "FilterVilla" */;
			compatibilityVersion = "Xcode 3.2";
			developmentRegion = English;
			hasScannedForEncodings = 0;
			knownRegions = (
				en,
				Base,
			);
			mainGroup = 06A9329E18E9EE390043CA56;
			productRefGroup = 06A932A818E9EE390043CA56 /* Products */;
			projectDirPath = "";
			projectRoot = "";
			targets = (
				06A932A618E9EE390043CA56 /* FilterVilla */,
				06A932C718E9EE390043CA56 /* FilterVillaTests */,
			);
		};
/* End PBXProject section */

/* Begin PBXResourcesBuildPhase section */
		06A932A518E9EE390043CA56 /* Resources */ = {
			isa = PBXResourcesBuildPhase;
			buildActionMask = 2147483647;
			files = (
				06A9333018EB21E40043CA56 /* border@2x.png in Resources */,
				06A9332F18EB21E40043CA56 /* border.png in Resources */,
				06A9333418EB21E40043CA56 /* Images.xcassets in Resources */,
				06A9333118EB21E40043CA56 /* InfoPlist.strings in Resources */,
			);
			runOnlyForDeploymentPostprocessing = 0;
		};
		06A932C618E9EE390043CA56 /* Resources */ = {
			isa = PBXResourcesBuildPhase;
			buildActionMask = 2147483647;
			files = (
				06A932D418E9EE390043CA56 /* InfoPlist.strings in Resources */,
			);
			runOnlyForDeploymentPostprocessing = 0;
		};
/* End PBXResourcesBuildPhase section */

/* Begin PBXSourcesBuildPhase section */
		06A932A318E9EE390043CA56 /* Sources */ = {
			isa = PBXSourcesBuildPhase;
			buildActionMask = 2147483647;
			files = (
				06A9333918EB21E40043CA56 /* ViewController.m in Sources */,
				06A9333618EB21E40043CA56 /* SelectPhotoViewController.m in Sources */,
				06A9333518EB21E40043CA56 /* main.m in Sources */,
				06A9333218EB21E40043CA56 /* FilterClassToName.m in Sources */,
				06A9332D18EB21E40043CA56 /* AppDelegate.m in Sources */,
				06A9333718EB21E40043CA56 /* SwipeView.m in Sources */,
				06A9333818EB21E40043CA56 /* UIImage+FiltersImage.m in Sources */,
			);
			runOnlyForDeploymentPostprocessing = 0;
		};
		06A932C418E9EE390043CA56 /* Sources */ = {
			isa = PBXSourcesBuildPhase;
			buildActionMask = 2147483647;
			files = (
				06A932D618E9EE390043CA56 /* FiltersTests.m in Sources */,
			);
			runOnlyForDeploymentPostprocessing = 0;
		};
/* End PBXSourcesBuildPhase section */

/* Begin PBXTargetDependency section */
		06A932CE18E9EE390043CA56 /* PBXTargetDependency */ = {
			isa = PBXTargetDependency;
			target = 06A932A618E9EE390043CA56 /* FilterVilla */;
			targetProxy = 06A932CD18E9EE390043CA56 /* PBXContainerItemProxy */;
		};
/* End PBXTargetDependency section */

/* Begin PBXVariantGroup section */
		06A932D218E9EE390043CA56 /* InfoPlist.strings */ = {
			isa = PBXVariantGroup;
			children = (
				06A932D318E9EE390043CA56 /* en */,
			);
			name = InfoPlist.strings;
			sourceTree = "<group>";
		};
		06A9331818EB21E40043CA56 /* Main.storyboard */ = {
			isa = PBXVariantGroup;
			children = (
				06A9331918EB21E40043CA56 /* Base */,
			);
			name = Main.storyboard;
			sourceTree = "<group>";
		};
		06A9331C18EB21E40043CA56 /* InfoPlist.strings */ = {
			isa = PBXVariantGroup;
			children = (
				06A9331D18EB21E40043CA56 /* en */,
			);
			name = InfoPlist.strings;
			sourceTree = "<group>";
		};
/* End PBXVariantGroup section */

/* Begin XCBuildConfiguration section */
		06A932D718E9EE390043CA56 /* Debug */ = {
			isa = XCBuildConfiguration;
			buildSettings = {
				ALWAYS_SEARCH_USER_PATHS = NO;
				CLANG_CXX_LANGUAGE_STANDARD = "gnu++0x";
				CLANG_CXX_LIBRARY = "libc++";
				CLANG_ENABLE_MODULES = YES;
				CLANG_ENABLE_OBJC_ARC = YES;
				CLANG_WARN_BOOL_CONVERSION = YES;
				CLANG_WARN_CONSTANT_CONVERSION = YES;
				CLANG_WARN_DIRECT_OBJC_ISA_USAGE = YES_ERROR;
				CLANG_WARN_EMPTY_BODY = YES;
				CLANG_WARN_ENUM_CONVERSION = YES;
				CLANG_WARN_INT_CONVERSION = YES;
				CLANG_WARN_OBJC_ROOT_CLASS = YES_ERROR;
				CLANG_WARN__DUPLICATE_METHOD_MATCH = YES;
				"CODE_SIGN_IDENTITY[sdk=iphoneos*]" = "iPhone Developer";
				COPY_PHASE_STRIP = NO;
				GCC_C_LANGUAGE_STANDARD = gnu99;
				GCC_DYNAMIC_NO_PIC = NO;
				GCC_OPTIMIZATION_LEVEL = 0;
				GCC_PREPROCESSOR_DEFINITIONS = (
					"DEBUG=1",
					"$(inherited)",
				);
				GCC_SYMBOLS_PRIVATE_EXTERN = NO;
				GCC_WARN_64_TO_32_BIT_CONVERSION = YES;
				GCC_WARN_ABOUT_RETURN_TYPE = YES_ERROR;
				GCC_WARN_UNDECLARED_SELECTOR = YES;
				GCC_WARN_UNINITIALIZED_AUTOS = YES_AGGRESSIVE;
				GCC_WARN_UNUSED_FUNCTION = YES;
				GCC_WARN_UNUSED_VARIABLE = YES;
				IPHONEOS_DEPLOYMENT_TARGET = 7.1;
				ONLY_ACTIVE_ARCH = YES;
				SDKROOT = iphoneos;
			};
			name = Debug;
		};
		06A932D818E9EE390043CA56 /* Release */ = {
			isa = XCBuildConfiguration;
			buildSettings = {
				ALWAYS_SEARCH_USER_PATHS = NO;
				CLANG_CXX_LANGUAGE_STANDARD = "gnu++0x";
				CLANG_CXX_LIBRARY = "libc++";
				CLANG_ENABLE_MODULES = YES;
				CLANG_ENABLE_OBJC_ARC = YES;
				CLANG_WARN_BOOL_CONVERSION = YES;
				CLANG_WARN_CONSTANT_CONVERSION = YES;
				CLANG_WARN_DIRECT_OBJC_ISA_USAGE = YES_ERROR;
				CLANG_WARN_EMPTY_BODY = YES;
				CLANG_WARN_ENUM_CONVERSION = YES;
				CLANG_WARN_INT_CONVERSION = YES;
				CLANG_WARN_OBJC_ROOT_CLASS = YES_ERROR;
				CLANG_WARN__DUPLICATE_METHOD_MATCH = YES;
				"CODE_SIGN_IDENTITY[sdk=iphoneos*]" = "iPhone Developer";
				COPY_PHASE_STRIP = YES;
				ENABLE_NS_ASSERTIONS = NO;
				GCC_C_LANGUAGE_STANDARD = gnu99;
				GCC_WARN_64_TO_32_BIT_CONVERSION = YES;
				GCC_WARN_ABOUT_RETURN_TYPE = YES_ERROR;
				GCC_WARN_UNDECLARED_SELECTOR = YES;
				GCC_WARN_UNINITIALIZED_AUTOS = YES_AGGRESSIVE;
				GCC_WARN_UNUSED_FUNCTION = YES;
				GCC_WARN_UNUSED_VARIABLE = YES;
				IPHONEOS_DEPLOYMENT_TARGET = 7.1;
				SDKROOT = iphoneos;
				VALIDATE_PRODUCT = YES;
			};
			name = Release;
		};
		06A932DA18E9EE390043CA56 /* Debug */ = {
			isa = XCBuildConfiguration;
			buildSettings = {
				ASSETCATALOG_COMPILER_APPICON_NAME = AppIcon;
				ASSETCATALOG_COMPILER_LAUNCHIMAGE_NAME = LaunchImage;
				GCC_PRECOMPILE_PREFIX_HEADER = YES;
				GCC_PREFIX_HEADER = "FilterVilla/FilterVilla-Prefix.pch";
				INFOPLIST_FILE = "FilterVilla/FilterVilla-Info.plist";
				IPHONEOS_DEPLOYMENT_TARGET = 7.0;
				PRODUCT_NAME = FilterVilla;
				WRAPPER_EXTENSION = app;
			};
			name = Debug;
		};
		06A932DB18E9EE390043CA56 /* Release */ = {
			isa = XCBuildConfiguration;
			buildSettings = {
				ASSETCATALOG_COMPILER_APPICON_NAME = AppIcon;
				ASSETCATALOG_COMPILER_LAUNCHIMAGE_NAME = LaunchImage;
				GCC_PRECOMPILE_PREFIX_HEADER = YES;
				GCC_PREFIX_HEADER = "FilterVilla/FilterVilla-Prefix.pch";
				INFOPLIST_FILE = "FilterVilla/FilterVilla-Info.plist";
				IPHONEOS_DEPLOYMENT_TARGET = 7.0;
				PRODUCT_NAME = FilterVilla;
				WRAPPER_EXTENSION = app;
			};
			name = Release;
		};
		06A932DD18E9EE390043CA56 /* Debug */ = {
			isa = XCBuildConfiguration;
			buildSettings = {
				BUNDLE_LOADER = "$(BUILT_PRODUCTS_DIR)/Filters.app/Filters";
				FRAMEWORK_SEARCH_PATHS = (
					"$(SDKROOT)/Developer/Library/Frameworks",
					"$(inherited)",
					"$(DEVELOPER_FRAMEWORKS_DIR)",
				);
				GCC_PRECOMPILE_PREFIX_HEADER = YES;
				GCC_PREFIX_HEADER = "Filters/Filters-Prefix.pch";
				GCC_PREPROCESSOR_DEFINITIONS = (
					"DEBUG=1",
					"$(inherited)",
				);
				INFOPLIST_FILE = "FiltersTests/FilterVillaTests-Info.plist";
				PRODUCT_NAME = FilterVillaTests;
				TEST_HOST = "$(BUNDLE_LOADER)";
				WRAPPER_EXTENSION = xctest;
			};
			name = Debug;
		};
		06A932DE18E9EE390043CA56 /* Release */ = {
			isa = XCBuildConfiguration;
			buildSettings = {
				BUNDLE_LOADER = "$(BUILT_PRODUCTS_DIR)/Filters.app/Filters";
				FRAMEWORK_SEARCH_PATHS = (
					"$(SDKROOT)/Developer/Library/Frameworks",
					"$(inherited)",
					"$(DEVELOPER_FRAMEWORKS_DIR)",
				);
				GCC_PRECOMPILE_PREFIX_HEADER = YES;
				GCC_PREFIX_HEADER = "Filters/Filters-Prefix.pch";
				INFOPLIST_FILE = "FiltersTests/FilterVillaTests-Info.plist";
				PRODUCT_NAME = FilterVillaTests;
				TEST_HOST = "$(BUNDLE_LOADER)";
				WRAPPER_EXTENSION = xctest;
			};
			name = Release;
		};
/* End XCBuildConfiguration section */

/* Begin XCConfigurationList section */
		06A932A218E9EE390043CA56 /* Build configuration list for PBXProject "FilterVilla" */ = {
			isa = XCConfigurationList;
			buildConfigurations = (
				06A932D718E9EE390043CA56 /* Debug */,
				06A932D818E9EE390043CA56 /* Release */,
			);
			defaultConfigurationIsVisible = 0;
			defaultConfigurationName = Release;
		};
		06A932D918E9EE390043CA56 /* Build configuration list for PBXNativeTarget "FilterVilla" */ = {
			isa = XCConfigurationList;
			buildConfigurations = (
				06A932DA18E9EE390043CA56 /* Debug */,
				06A932DB18E9EE390043CA56 /* Release */,
			);
			defaultConfigurationIsVisible = 0;
			defaultConfigurationName = Release;
		};
		06A932DC18E9EE390043CA56 /* Build configuration list for PBXNativeTarget "FilterVillaTests" */ = {
			isa = XCConfigurationList;
			buildConfigurations = (
				06A932DD18E9EE390043CA56 /* Debug */,
				06A932DE18E9EE390043CA56 /* Release */,
			);
			defaultConfigurationIsVisible = 0;
			defaultConfigurationName = Release;
		};
/* End XCConfigurationList section */
	};
	rootObject = 06A9329F18E9EE390043CA56 /* Project object */;
}
